
Microsoft Visual Studio Solution File, Format Version 12.00
# Visual Studio Version 16
VisualStudioVersion = 16.0.30204.135
MinimumVisualStudioVersion = 10.0.40219.1
Project("{FAE04EC0-301F-11D3-BF4B-00C04F79EFBC}") = "Herbal.yah-varmalayam", "Herbal.yah-varmalayam\Herbal.yah-varmalayam.csproj", "{162BD87D-6482-4391-8AC8-D69D7E44F4F2}"
EndProject
Global
	GlobalSection(SolutionConfigurationPlatforms) = preSolution
		Debug|Any CPU = Debug|Any CPU
		Release|Any CPU = Release|Any CPU
	EndGlobalSection
	GlobalSection(ProjectConfigurationPlatforms) = postSolution
		{162BD87D-6482-4391-8AC8-D69D7E44F4F2}.Debug|Any CPU.ActiveCfg = Debug|Any CPU
		{162BD87D-6482-4391-8AC8-D69D7E44F4F2}.Debug|Any CPU.Build.0 = Debug|Any CPU
		{162BD87D-6482-4391-8AC8-D69D7E44F4F2}.Release|Any CPU.ActiveCfg = Release|Any CPU
		{162BD87D-6482-4391-8AC8-D69D7E44F4F2}.Release|Any CPU.Build.0 = Release|Any CPU
	EndGlobalSection
	GlobalSection(SolutionProperties) = preSolution
		HideSolutionNode = FALSE
	EndGlobalSection
	GlobalSection(ExtensibilityGlobals) = postSolution
		SolutionGuid = {191FDD4B-339D-4E0E-9C0B-364ED32219AF}
	EndGlobalSection
EndGlobal
